
Microsoft Visual Studio Solution File, Format Version 12.00
# Visual Studio Version 16
VisualStudioVersion = 16.0.30611.23
MinimumVisualStudioVersion = 10.0.40219.1
Project("{00D1A9C2-B5F0-4AF3-8072-F6C62B433612}") = "T21", "T21\T21.sqlproj", "{1B35A2A5-5950-430F-B632-26F677FBE4BB}"
EndProject
Project("{2150E333-8FDC-42A3-9474-1A3956D46DE8}") = "Solution Items", "Solution Items", "{46F78721-3FFC-4CCC-865B-56B39276EE60}"
	ProjectSection(SolutionItems) = preProject
		VSProjectT21.sql = VSProjectT21.sql
	EndProjectSection
EndProject
Project("{2150E333-8FDC-42A3-9474-1A3956D46DE8}") = "scripts", "scripts", "{D4FCE5FB-4F4D-4E30-A289-A7C2847B3B22}"
	ProjectSection(SolutionItems) = preProject
		scripts\Create Database\0112020\CreateAll01112020.sql = scripts\Create Database\0112020\CreateAll01112020.sql
		scripts\CreateAll_30112020.sql = scripts\CreateAll_30112020.sql
	EndProjectSection
EndProject
Project("{2150E333-8FDC-42A3-9474-1A3956D46DE8}") = "PD", "PD", "{EDD49B72-34ED-4175-A6D4-DBFF7334578A}"
	ProjectSection(SolutionItems) = preProject
		PD\todo.txt = PD\todo.txt
	EndProjectSection
EndProject
Global
	GlobalSection(SolutionConfigurationPlatforms) = preSolution
		Debug|Any CPU = Debug|Any CPU
		Release|Any CPU = Release|Any CPU
	EndGlobalSection
	GlobalSection(ProjectConfigurationPlatforms) = postSolution
		{1B35A2A5-5950-430F-B632-26F677FBE4BB}.Debug|Any CPU.ActiveCfg = Debug|Any CPU
		{1B35A2A5-5950-430F-B632-26F677FBE4BB}.Debug|Any CPU.Build.0 = Debug|Any CPU
		{1B35A2A5-5950-430F-B632-26F677FBE4BB}.Debug|Any CPU.Deploy.0 = Debug|Any CPU
		{1B35A2A5-5950-430F-B632-26F677FBE4BB}.Release|Any CPU.ActiveCfg = Release|Any CPU
		{1B35A2A5-5950-430F-B632-26F677FBE4BB}.Release|Any CPU.Build.0 = Release|Any CPU
		{1B35A2A5-5950-430F-B632-26F677FBE4BB}.Release|Any CPU.Deploy.0 = Release|Any CPU
	EndGlobalSection
	GlobalSection(SolutionProperties) = preSolution
		HideSolutionNode = FALSE
	EndGlobalSection
	GlobalSection(NestedProjects) = preSolution
		{D4FCE5FB-4F4D-4E30-A289-A7C2847B3B22} = {46F78721-3FFC-4CCC-865B-56B39276EE60}
		{EDD49B72-34ED-4175-A6D4-DBFF7334578A} = {46F78721-3FFC-4CCC-865B-56B39276EE60}
	EndGlobalSection
	GlobalSection(ExtensibilityGlobals) = postSolution
		SolutionGuid = {389883CE-6C83-4391-B53E-B04C8C947009}
	EndGlobalSection
EndGlobal
